
Microsoft Visual Studio Solution File, Format Version 12.00
# Visual Studio Version 16
VisualStudioVersion = 16.0.29403.142
MinimumVisualStudioVersion = 10.0.40219.1
Project("{FAE04EC0-301F-11D3-BF4B-00C04F79EFBC}") = "week05", "week05\week05.csproj", "{0146DC55-39A4-41DB-8447-CEF78D99424B}"
EndProject
Global
	GlobalSection(SolutionConfigurationPlatforms) = preSolution
		Debug|Any CPU = Debug|Any CPU
		Release|Any CPU = Release|Any CPU
	EndGlobalSection
	GlobalSection(ProjectConfigurationPlatforms) = postSolution
		{0146DC55-39A4-41DB-8447-CEF78D99424B}.Debug|Any CPU.ActiveCfg = Debug|Any CPU
		{0146DC55-39A4-41DB-8447-CEF78D99424B}.Debug|Any CPU.Build.0 = Debug|Any CPU
		{0146DC55-39A4-41DB-8447-CEF78D99424B}.Release|Any CPU.ActiveCfg = Release|Any CPU
		{0146DC55-39A4-41DB-8447-CEF78D99424B}.Release|Any CPU.Build.0 = Release|Any CPU
	EndGlobalSection
	GlobalSection(SolutionProperties) = preSolution
		HideSolutionNode = FALSE
	EndGlobalSection
	GlobalSection(ExtensibilityGlobals) = postSolution
		SolutionGuid = {F0E70878-6D1E-4C53-A525-9EAACA598CF5}
	EndGlobalSection
EndGlobal
